
Microsoft Visual Studio Solution File, Format Version 12.00
# Visual Studio Version 17
VisualStudioVersion = 17.14.37328.6 d17.14
MinimumVisualStudioVersion = 10.0.40219.1
Project("{8BC9CEB8-8B4A-11D0-8D11-00A0C91BC942}") = "1.2", "1.2.vcxproj", "{23B3E9BC-6600-4D80-A817-31750850E0A4}"
EndProject
Global
	GlobalSection(SolutionConfigurationPlatforms) = preSolution
		Debug|x64 = Debug|x64
		Debug|x86 = Debug|x86
		Release|x64 = Release|x64
		Release|x86 = Release|x86
	EndGlobalSection
	GlobalSection(ProjectConfigurationPlatforms) = postSolution
		{23B3E9BC-6600-4D80-A817-31750850E0A4}.Debug|x64.ActiveCfg = Debug|x64
		{23B3E9BC-6600-4D80-A817-31750850E0A4}.Debug|x64.Build.0 = Debug|x64
		{23B3E9BC-6600-4D80-A817-31750850E0A4}.Debug|x86.ActiveCfg = Debug|Win32
		{23B3E9BC-6600-4D80-A817-31750850E0A4}.Debug|x86.Build.0 = Debug|Win32
		{23B3E9BC-6600-4D80-A817-31750850E0A4}.Release|x64.ActiveCfg = Release|x64
		{23B3E9BC-6600-4D80-A817-31750850E0A4}.Release|x64.Build.0 = Release|x64
		{23B3E9BC-6600-4D80-A817-31750850E0A4}.Release|x86.ActiveCfg = Release|Win32
		{23B3E9BC-6600-4D80-A817-31750850E0A4}.Release|x86.Build.0 = Release|Win32
	EndGlobalSection
	GlobalSection(SolutionProperties) = preSolution
		HideSolutionNode = FALSE
	EndGlobalSection
	GlobalSection(ExtensibilityGlobals) = postSolution
		SolutionGuid = {46D9B2C9-525C-4E24-B512-231ED9AC8B92}
	EndGlobalSection
EndGlobal
